
Microsoft Visual Studio Solution File, Format Version 12.00
# Visual Studio Version 17
VisualStudioVersion = 17.5.33424.131
MinimumVisualStudioVersion = 10.0.40219.1
Project("{FAE04EC0-301F-11D3-BF4B-00C04F79EFBC}") = "All_Imp_Control_Inside_Single_Functions", "All_Imp_Control_Inside_Single_Functions\All_Imp_Control_Inside_Single_Functions.csproj", "{3062A434-F33C-4632-9CE5-3F802460243B}"
EndProject
Global
	GlobalSection(SolutionConfigurationPlatforms) = preSolution
		Debug|Any CPU = Debug|Any CPU
		Release|Any CPU = Release|Any CPU
	EndGlobalSection
	GlobalSection(ProjectConfigurationPlatforms) = postSolution
		{3062A434-F33C-4632-9CE5-3F802460243B}.Debug|Any CPU.ActiveCfg = Debug|Any CPU
		{3062A434-F33C-4632-9CE5-3F802460243B}.Debug|Any CPU.Build.0 = Debug|Any CPU
		{3062A434-F33C-4632-9CE5-3F802460243B}.Release|Any CPU.ActiveCfg = Release|Any CPU
		{3062A434-F33C-4632-9CE5-3F802460243B}.Release|Any CPU.Build.0 = Release|Any CPU
	EndGlobalSection
	GlobalSection(SolutionProperties) = preSolution
		HideSolutionNode = FALSE
	EndGlobalSection
	GlobalSection(ExtensibilityGlobals) = postSolution
		SolutionGuid = {9ECA1F94-66E5-4922-84A9-EBF19B220707}
	EndGlobalSection
EndGlobal
